set_global_assignment -name FAMILY "MAX 10"
set_global_assignment -name DEVICE 10M50DAF484C7G
set_global_assignment -name TOP_LEVEL_ENTITY int8_matvec_registered_top
set_global_assignment -name SYSTEMVERILOG_FILE "../../../../../cases/int8-matvec/rtl/baseline/int8_matvec_4x4.sv"
set_global_assignment -name SYSTEMVERILOG_FILE "../../../rtl/int8_matvec_registered_top.sv"
set_global_assignment -name SDC_FILE "int8_baseline_dsp_auto.sdc"
set_global_assignment -name PROJECT_OUTPUT_DIRECTORY output_files
set_global_assignment -name NUM_PARALLEL_PROCESSORS 4
set_global_assignment -name SEED 1
set_location_assignment PIN_M8 -to clk
set_instance_assignment -name IO_STANDARD "3.3-V LVTTL" -to clk
set_global_assignment -name AUTO_DSP_RECOGNITION ON
set_instance_assignment -name AUTO_DSP_RECOGNITION ON -to dut
set_instance_assignment -name VIRTUAL_PIN ON -to x0[0]
set_instance_assignment -name VIRTUAL_PIN ON -to x0[1]
set_instance_assignment -name VIRTUAL_PIN ON -to x0[2]
set_instance_assignment -name VIRTUAL_PIN ON -to x0[3]
set_instance_assignment -name VIRTUAL_PIN ON -to x0[4]
set_instance_assignment -name VIRTUAL_PIN ON -to x0[5]
set_instance_assignment -name VIRTUAL_PIN ON -to x0[6]
set_instance_assignment -name VIRTUAL_PIN ON -to x0[7]
set_instance_assignment -name VIRTUAL_PIN ON -to x1[0]
set_instance_assignment -name VIRTUAL_PIN ON -to x1[1]
set_instance_assignment -name VIRTUAL_PIN ON -to x1[2]
set_instance_assignment -name VIRTUAL_PIN ON -to x1[3]
set_instance_assignment -name VIRTUAL_PIN ON -to x1[4]
set_instance_assignment -name VIRTUAL_PIN ON -to x1[5]
set_instance_assignment -name VIRTUAL_PIN ON -to x1[6]
set_instance_assignment -name VIRTUAL_PIN ON -to x1[7]
set_instance_assignment -name VIRTUAL_PIN ON -to x2[0]
set_instance_assignment -name VIRTUAL_PIN ON -to x2[1]
set_instance_assignment -name VIRTUAL_PIN ON -to x2[2]
set_instance_assignment -name VIRTUAL_PIN ON -to x2[3]
set_instance_assignment -name VIRTUAL_PIN ON -to x2[4]
set_instance_assignment -name VIRTUAL_PIN ON -to x2[5]
set_instance_assignment -name VIRTUAL_PIN ON -to x2[6]
set_instance_assignment -name VIRTUAL_PIN ON -to x2[7]
set_instance_assignment -name VIRTUAL_PIN ON -to x3[0]
set_instance_assignment -name VIRTUAL_PIN ON -to x3[1]
set_instance_assignment -name VIRTUAL_PIN ON -to x3[2]
set_instance_assignment -name VIRTUAL_PIN ON -to x3[3]
set_instance_assignment -name VIRTUAL_PIN ON -to x3[4]
set_instance_assignment -name VIRTUAL_PIN ON -to x3[5]
set_instance_assignment -name VIRTUAL_PIN ON -to x3[6]
set_instance_assignment -name VIRTUAL_PIN ON -to x3[7]
set_instance_assignment -name VIRTUAL_PIN ON -to w00[0]
set_instance_assignment -name VIRTUAL_PIN ON -to w00[1]
set_instance_assignment -name VIRTUAL_PIN ON -to w00[2]
set_instance_assignment -name VIRTUAL_PIN ON -to w00[3]
set_instance_assignment -name VIRTUAL_PIN ON -to w00[4]
set_instance_assignment -name VIRTUAL_PIN ON -to w00[5]
set_instance_assignment -name VIRTUAL_PIN ON -to w00[6]
set_instance_assignment -name VIRTUAL_PIN ON -to w00[7]
set_instance_assignment -name VIRTUAL_PIN ON -to w01[0]
set_instance_assignment -name VIRTUAL_PIN ON -to w01[1]
set_instance_assignment -name VIRTUAL_PIN ON -to w01[2]
set_instance_assignment -name VIRTUAL_PIN ON -to w01[3]
set_instance_assignment -name VIRTUAL_PIN ON -to w01[4]
set_instance_assignment -name VIRTUAL_PIN ON -to w01[5]
set_instance_assignment -name VIRTUAL_PIN ON -to w01[6]
set_instance_assignment -name VIRTUAL_PIN ON -to w01[7]
set_instance_assignment -name VIRTUAL_PIN ON -to w02[0]
set_instance_assignment -name VIRTUAL_PIN ON -to w02[1]
set_instance_assignment -name VIRTUAL_PIN ON -to w02[2]
set_instance_assignment -name VIRTUAL_PIN ON -to w02[3]
set_instance_assignment -name VIRTUAL_PIN ON -to w02[4]
set_instance_assignment -name VIRTUAL_PIN ON -to w02[5]
set_instance_assignment -name VIRTUAL_PIN ON -to w02[6]
set_instance_assignment -name VIRTUAL_PIN ON -to w02[7]
set_instance_assignment -name VIRTUAL_PIN ON -to w03[0]
set_instance_assignment -name VIRTUAL_PIN ON -to w03[1]
set_instance_assignment -name VIRTUAL_PIN ON -to w03[2]
set_instance_assignment -name VIRTUAL_PIN ON -to w03[3]
set_instance_assignment -name VIRTUAL_PIN ON -to w03[4]
set_instance_assignment -name VIRTUAL_PIN ON -to w03[5]
set_instance_assignment -name VIRTUAL_PIN ON -to w03[6]
set_instance_assignment -name VIRTUAL_PIN ON -to w03[7]
set_instance_assignment -name VIRTUAL_PIN ON -to w10[0]
set_instance_assignment -name VIRTUAL_PIN ON -to w10[1]
set_instance_assignment -name VIRTUAL_PIN ON -to w10[2]
set_instance_assignment -name VIRTUAL_PIN ON -to w10[3]
set_instance_assignment -name VIRTUAL_PIN ON -to w10[4]
set_instance_assignment -name VIRTUAL_PIN ON -to w10[5]
set_instance_assignment -name VIRTUAL_PIN ON -to w10[6]
set_instance_assignment -name VIRTUAL_PIN ON -to w10[7]
set_instance_assignment -name VIRTUAL_PIN ON -to w11[0]
set_instance_assignment -name VIRTUAL_PIN ON -to w11[1]
set_instance_assignment -name VIRTUAL_PIN ON -to w11[2]
set_instance_assignment -name VIRTUAL_PIN ON -to w11[3]
set_instance_assignment -name VIRTUAL_PIN ON -to w11[4]
set_instance_assignment -name VIRTUAL_PIN ON -to w11[5]
set_instance_assignment -name VIRTUAL_PIN ON -to w11[6]
set_instance_assignment -name VIRTUAL_PIN ON -to w11[7]
set_instance_assignment -name VIRTUAL_PIN ON -to w12[0]
set_instance_assignment -name VIRTUAL_PIN ON -to w12[1]
set_instance_assignment -name VIRTUAL_PIN ON -to w12[2]
set_instance_assignment -name VIRTUAL_PIN ON -to w12[3]
set_instance_assignment -name VIRTUAL_PIN ON -to w12[4]
set_instance_assignment -name VIRTUAL_PIN ON -to w12[5]
set_instance_assignment -name VIRTUAL_PIN ON -to w12[6]
set_instance_assignment -name VIRTUAL_PIN ON -to w12[7]
set_instance_assignment -name VIRTUAL_PIN ON -to w13[0]
set_instance_assignment -name VIRTUAL_PIN ON -to w13[1]
set_instance_assignment -name VIRTUAL_PIN ON -to w13[2]
set_instance_assignment -name VIRTUAL_PIN ON -to w13[3]
set_instance_assignment -name VIRTUAL_PIN ON -to w13[4]
set_instance_assignment -name VIRTUAL_PIN ON -to w13[5]
set_instance_assignment -name VIRTUAL_PIN ON -to w13[6]
set_instance_assignment -name VIRTUAL_PIN ON -to w13[7]
set_instance_assignment -name VIRTUAL_PIN ON -to w20[0]
set_instance_assignment -name VIRTUAL_PIN ON -to w20[1]
set_instance_assignment -name VIRTUAL_PIN ON -to w20[2]
set_instance_assignment -name VIRTUAL_PIN ON -to w20[3]
set_instance_assignment -name VIRTUAL_PIN ON -to w20[4]
set_instance_assignment -name VIRTUAL_PIN ON -to w20[5]
set_instance_assignment -name VIRTUAL_PIN ON -to w20[6]
set_instance_assignment -name VIRTUAL_PIN ON -to w20[7]
set_instance_assignment -name VIRTUAL_PIN ON -to w21[0]
set_instance_assignment -name VIRTUAL_PIN ON -to w21[1]
set_instance_assignment -name VIRTUAL_PIN ON -to w21[2]
set_instance_assignment -name VIRTUAL_PIN ON -to w21[3]
set_instance_assignment -name VIRTUAL_PIN ON -to w21[4]
set_instance_assignment -name VIRTUAL_PIN ON -to w21[5]
set_instance_assignment -name VIRTUAL_PIN ON -to w21[6]
set_instance_assignment -name VIRTUAL_PIN ON -to w21[7]
set_instance_assignment -name VIRTUAL_PIN ON -to w22[0]
set_instance_assignment -name VIRTUAL_PIN ON -to w22[1]
set_instance_assignment -name VIRTUAL_PIN ON -to w22[2]
set_instance_assignment -name VIRTUAL_PIN ON -to w22[3]
set_instance_assignment -name VIRTUAL_PIN ON -to w22[4]
set_instance_assignment -name VIRTUAL_PIN ON -to w22[5]
set_instance_assignment -name VIRTUAL_PIN ON -to w22[6]
set_instance_assignment -name VIRTUAL_PIN ON -to w22[7]
set_instance_assignment -name VIRTUAL_PIN ON -to w23[0]
set_instance_assignment -name VIRTUAL_PIN ON -to w23[1]
set_instance_assignment -name VIRTUAL_PIN ON -to w23[2]
set_instance_assignment -name VIRTUAL_PIN ON -to w23[3]
set_instance_assignment -name VIRTUAL_PIN ON -to w23[4]
set_instance_assignment -name VIRTUAL_PIN ON -to w23[5]
set_instance_assignment -name VIRTUAL_PIN ON -to w23[6]
set_instance_assignment -name VIRTUAL_PIN ON -to w23[7]
set_instance_assignment -name VIRTUAL_PIN ON -to w30[0]
set_instance_assignment -name VIRTUAL_PIN ON -to w30[1]
set_instance_assignment -name VIRTUAL_PIN ON -to w30[2]
set_instance_assignment -name VIRTUAL_PIN ON -to w30[3]
set_instance_assignment -name VIRTUAL_PIN ON -to w30[4]
set_instance_assignment -name VIRTUAL_PIN ON -to w30[5]
set_instance_assignment -name VIRTUAL_PIN ON -to w30[6]
set_instance_assignment -name VIRTUAL_PIN ON -to w30[7]
set_instance_assignment -name VIRTUAL_PIN ON -to w31[0]
set_instance_assignment -name VIRTUAL_PIN ON -to w31[1]
set_instance_assignment -name VIRTUAL_PIN ON -to w31[2]
set_instance_assignment -name VIRTUAL_PIN ON -to w31[3]
set_instance_assignment -name VIRTUAL_PIN ON -to w31[4]
set_instance_assignment -name VIRTUAL_PIN ON -to w31[5]
set_instance_assignment -name VIRTUAL_PIN ON -to w31[6]
set_instance_assignment -name VIRTUAL_PIN ON -to w31[7]
set_instance_assignment -name VIRTUAL_PIN ON -to w32[0]
set_instance_assignment -name VIRTUAL_PIN ON -to w32[1]
set_instance_assignment -name VIRTUAL_PIN ON -to w32[2]
set_instance_assignment -name VIRTUAL_PIN ON -to w32[3]
set_instance_assignment -name VIRTUAL_PIN ON -to w32[4]
set_instance_assignment -name VIRTUAL_PIN ON -to w32[5]
set_instance_assignment -name VIRTUAL_PIN ON -to w32[6]
set_instance_assignment -name VIRTUAL_PIN ON -to w32[7]
set_instance_assignment -name VIRTUAL_PIN ON -to w33[0]
set_instance_assignment -name VIRTUAL_PIN ON -to w33[1]
set_instance_assignment -name VIRTUAL_PIN ON -to w33[2]
set_instance_assignment -name VIRTUAL_PIN ON -to w33[3]
set_instance_assignment -name VIRTUAL_PIN ON -to w33[4]
set_instance_assignment -name VIRTUAL_PIN ON -to w33[5]
set_instance_assignment -name VIRTUAL_PIN ON -to w33[6]
set_instance_assignment -name VIRTUAL_PIN ON -to w33[7]
set_instance_assignment -name VIRTUAL_PIN ON -to y0[0]
set_instance_assignment -name VIRTUAL_PIN ON -to y0[1]
set_instance_assignment -name VIRTUAL_PIN ON -to y0[2]
set_instance_assignment -name VIRTUAL_PIN ON -to y0[3]
set_instance_assignment -name VIRTUAL_PIN ON -to y0[4]
set_instance_assignment -name VIRTUAL_PIN ON -to y0[5]
set_instance_assignment -name VIRTUAL_PIN ON -to y0[6]
set_instance_assignment -name VIRTUAL_PIN ON -to y0[7]
set_instance_assignment -name VIRTUAL_PIN ON -to y0[8]
set_instance_assignment -name VIRTUAL_PIN ON -to y0[9]
set_instance_assignment -name VIRTUAL_PIN ON -to y0[10]
set_instance_assignment -name VIRTUAL_PIN ON -to y0[11]
set_instance_assignment -name VIRTUAL_PIN ON -to y0[12]
set_instance_assignment -name VIRTUAL_PIN ON -to y0[13]
set_instance_assignment -name VIRTUAL_PIN ON -to y0[14]
set_instance_assignment -name VIRTUAL_PIN ON -to y0[15]
set_instance_assignment -name VIRTUAL_PIN ON -to y0[16]
set_instance_assignment -name VIRTUAL_PIN ON -to y0[17]
set_instance_assignment -name VIRTUAL_PIN ON -to y0[18]
set_instance_assignment -name VIRTUAL_PIN ON -to y0[19]
set_instance_assignment -name VIRTUAL_PIN ON -to y0[20]
set_instance_assignment -name VIRTUAL_PIN ON -to y0[21]
set_instance_assignment -name VIRTUAL_PIN ON -to y0[22]
set_instance_assignment -name VIRTUAL_PIN ON -to y0[23]
set_instance_assignment -name VIRTUAL_PIN ON -to y0[24]
set_instance_assignment -name VIRTUAL_PIN ON -to y0[25]
set_instance_assignment -name VIRTUAL_PIN ON -to y0[26]
set_instance_assignment -name VIRTUAL_PIN ON -to y0[27]
set_instance_assignment -name VIRTUAL_PIN ON -to y0[28]
set_instance_assignment -name VIRTUAL_PIN ON -to y0[29]
set_instance_assignment -name VIRTUAL_PIN ON -to y0[30]
set_instance_assignment -name VIRTUAL_PIN ON -to y0[31]
set_instance_assignment -name VIRTUAL_PIN ON -to y1[0]
set_instance_assignment -name VIRTUAL_PIN ON -to y1[1]
set_instance_assignment -name VIRTUAL_PIN ON -to y1[2]
set_instance_assignment -name VIRTUAL_PIN ON -to y1[3]
set_instance_assignment -name VIRTUAL_PIN ON -to y1[4]
set_instance_assignment -name VIRTUAL_PIN ON -to y1[5]
set_instance_assignment -name VIRTUAL_PIN ON -to y1[6]
set_instance_assignment -name VIRTUAL_PIN ON -to y1[7]
set_instance_assignment -name VIRTUAL_PIN ON -to y1[8]
set_instance_assignment -name VIRTUAL_PIN ON -to y1[9]
set_instance_assignment -name VIRTUAL_PIN ON -to y1[10]
set_instance_assignment -name VIRTUAL_PIN ON -to y1[11]
set_instance_assignment -name VIRTUAL_PIN ON -to y1[12]
set_instance_assignment -name VIRTUAL_PIN ON -to y1[13]
set_instance_assignment -name VIRTUAL_PIN ON -to y1[14]
set_instance_assignment -name VIRTUAL_PIN ON -to y1[15]
set_instance_assignment -name VIRTUAL_PIN ON -to y1[16]
set_instance_assignment -name VIRTUAL_PIN ON -to y1[17]
set_instance_assignment -name VIRTUAL_PIN ON -to y1[18]
set_instance_assignment -name VIRTUAL_PIN ON -to y1[19]
set_instance_assignment -name VIRTUAL_PIN ON -to y1[20]
set_instance_assignment -name VIRTUAL_PIN ON -to y1[21]
set_instance_assignment -name VIRTUAL_PIN ON -to y1[22]
set_instance_assignment -name VIRTUAL_PIN ON -to y1[23]
set_instance_assignment -name VIRTUAL_PIN ON -to y1[24]
set_instance_assignment -name VIRTUAL_PIN ON -to y1[25]
set_instance_assignment -name VIRTUAL_PIN ON -to y1[26]
set_instance_assignment -name VIRTUAL_PIN ON -to y1[27]
set_instance_assignment -name VIRTUAL_PIN ON -to y1[28]
set_instance_assignment -name VIRTUAL_PIN ON -to y1[29]
set_instance_assignment -name VIRTUAL_PIN ON -to y1[30]
set_instance_assignment -name VIRTUAL_PIN ON -to y1[31]
set_instance_assignment -name VIRTUAL_PIN ON -to y2[0]
set_instance_assignment -name VIRTUAL_PIN ON -to y2[1]
set_instance_assignment -name VIRTUAL_PIN ON -to y2[2]
set_instance_assignment -name VIRTUAL_PIN ON -to y2[3]
set_instance_assignment -name VIRTUAL_PIN ON -to y2[4]
set_instance_assignment -name VIRTUAL_PIN ON -to y2[5]
set_instance_assignment -name VIRTUAL_PIN ON -to y2[6]
set_instance_assignment -name VIRTUAL_PIN ON -to y2[7]
set_instance_assignment -name VIRTUAL_PIN ON -to y2[8]
set_instance_assignment -name VIRTUAL_PIN ON -to y2[9]
set_instance_assignment -name VIRTUAL_PIN ON -to y2[10]
set_instance_assignment -name VIRTUAL_PIN ON -to y2[11]
set_instance_assignment -name VIRTUAL_PIN ON -to y2[12]
set_instance_assignment -name VIRTUAL_PIN ON -to y2[13]
set_instance_assignment -name VIRTUAL_PIN ON -to y2[14]
set_instance_assignment -name VIRTUAL_PIN ON -to y2[15]
set_instance_assignment -name VIRTUAL_PIN ON -to y2[16]
set_instance_assignment -name VIRTUAL_PIN ON -to y2[17]
set_instance_assignment -name VIRTUAL_PIN ON -to y2[18]
set_instance_assignment -name VIRTUAL_PIN ON -to y2[19]
set_instance_assignment -name VIRTUAL_PIN ON -to y2[20]
set_instance_assignment -name VIRTUAL_PIN ON -to y2[21]
set_instance_assignment -name VIRTUAL_PIN ON -to y2[22]
set_instance_assignment -name VIRTUAL_PIN ON -to y2[23]
set_instance_assignment -name VIRTUAL_PIN ON -to y2[24]
set_instance_assignment -name VIRTUAL_PIN ON -to y2[25]
set_instance_assignment -name VIRTUAL_PIN ON -to y2[26]
set_instance_assignment -name VIRTUAL_PIN ON -to y2[27]
set_instance_assignment -name VIRTUAL_PIN ON -to y2[28]
set_instance_assignment -name VIRTUAL_PIN ON -to y2[29]
set_instance_assignment -name VIRTUAL_PIN ON -to y2[30]
set_instance_assignment -name VIRTUAL_PIN ON -to y2[31]
set_instance_assignment -name VIRTUAL_PIN ON -to y3[0]
set_instance_assignment -name VIRTUAL_PIN ON -to y3[1]
set_instance_assignment -name VIRTUAL_PIN ON -to y3[2]
set_instance_assignment -name VIRTUAL_PIN ON -to y3[3]
set_instance_assignment -name VIRTUAL_PIN ON -to y3[4]
set_instance_assignment -name VIRTUAL_PIN ON -to y3[5]
set_instance_assignment -name VIRTUAL_PIN ON -to y3[6]
set_instance_assignment -name VIRTUAL_PIN ON -to y3[7]
set_instance_assignment -name VIRTUAL_PIN ON -to y3[8]
set_instance_assignment -name VIRTUAL_PIN ON -to y3[9]
set_instance_assignment -name VIRTUAL_PIN ON -to y3[10]
set_instance_assignment -name VIRTUAL_PIN ON -to y3[11]
set_instance_assignment -name VIRTUAL_PIN ON -to y3[12]
set_instance_assignment -name VIRTUAL_PIN ON -to y3[13]
set_instance_assignment -name VIRTUAL_PIN ON -to y3[14]
set_instance_assignment -name VIRTUAL_PIN ON -to y3[15]
set_instance_assignment -name VIRTUAL_PIN ON -to y3[16]
set_instance_assignment -name VIRTUAL_PIN ON -to y3[17]
set_instance_assignment -name VIRTUAL_PIN ON -to y3[18]
set_instance_assignment -name VIRTUAL_PIN ON -to y3[19]
set_instance_assignment -name VIRTUAL_PIN ON -to y3[20]
set_instance_assignment -name VIRTUAL_PIN ON -to y3[21]
set_instance_assignment -name VIRTUAL_PIN ON -to y3[22]
set_instance_assignment -name VIRTUAL_PIN ON -to y3[23]
set_instance_assignment -name VIRTUAL_PIN ON -to y3[24]
set_instance_assignment -name VIRTUAL_PIN ON -to y3[25]
set_instance_assignment -name VIRTUAL_PIN ON -to y3[26]
set_instance_assignment -name VIRTUAL_PIN ON -to y3[27]
set_instance_assignment -name VIRTUAL_PIN ON -to y3[28]
set_instance_assignment -name VIRTUAL_PIN ON -to y3[29]
set_instance_assignment -name VIRTUAL_PIN ON -to y3[30]
set_instance_assignment -name VIRTUAL_PIN ON -to y3[31]

set_global_assignment -name LAST_QUARTUS_VERSION "25.1std.0 Lite Edition"